
Microsoft Visual Studio Solution File, Format Version 12.00
# Visual Studio Version 17
VisualStudioVersion = 17.5.002.0
MinimumVisualStudioVersion = 10.0.40219.1
Project("{2150E333-8FDC-42A3-9474-1A3956D46DE8}") = "BackEnd", "BackEnd", "{5ED40096-A03C-43A2-B5C0-B5447A802DA8}"
EndProject
Project("{9A19103F-16F7-4668-BE54-9A1E7A4F7556}") = "VehicleDataApp", "BackEnd\VehicleDataApp\VehicleDataApp.csproj", "{14EC8221-1CD6-428C-87E6-7808CE9FB864}"
EndProject
Global
	GlobalSection(SolutionConfigurationPlatforms) = preSolution
		Debug|Any CPU = Debug|Any CPU
		Release|Any CPU = Release|Any CPU
	EndGlobalSection
	GlobalSection(ProjectConfigurationPlatforms) = postSolution
		{14EC8221-1CD6-428C-87E6-7808CE9FB864}.Debug|Any CPU.ActiveCfg = Debug|Any CPU
		{14EC8221-1CD6-428C-87E6-7808CE9FB864}.Debug|Any CPU.Build.0 = Debug|Any CPU
		{14EC8221-1CD6-428C-87E6-7808CE9FB864}.Release|Any CPU.ActiveCfg = Release|Any CPU
		{14EC8221-1CD6-428C-87E6-7808CE9FB864}.Release|Any CPU.Build.0 = Release|Any CPU
	EndGlobalSection
	GlobalSection(SolutionProperties) = preSolution
		HideSolutionNode = FALSE
	EndGlobalSection
	GlobalSection(NestedProjects) = preSolution
		{14EC8221-1CD6-428C-87E6-7808CE9FB864} = {5ED40096-A03C-43A2-B5C0-B5447A802DA8}
	EndGlobalSection
	GlobalSection(ExtensibilityGlobals) = postSolution
		SolutionGuid = {727C15DC-2536-4B9B-870E-D2385DD86F4C}
	EndGlobalSection
EndGlobal
